
Microsoft Visual Studio Solution File, Format Version 12.00
# Visual Studio Version 17
VisualStudioVersion = 17.7.34221.43
MinimumVisualStudioVersion = 10.0.40219.1
Project("{9A19103F-16F7-4668-BE54-9A1E7A4F7556}") = "C971", "C971\C971.csproj", "{36E14906-4186-456C-BBC3-FCB2A7D60618}"
EndProject
Project("{FAE04EC0-301F-11D3-BF4B-00C04F79EFBC}") = "D424Test", "D424Test\D424Test.csproj", "{01DE805B-33BF-49A4-AEF5-269AC36D63BE}"
EndProject
Global
	GlobalSection(SolutionConfigurationPlatforms) = preSolution
		Debug|Any CPU = Debug|Any CPU
		Release|Any CPU = Release|Any CPU
	EndGlobalSection
	GlobalSection(ProjectConfigurationPlatforms) = postSolution
		{36E14906-4186-456C-BBC3-FCB2A7D60618}.Debug|Any CPU.ActiveCfg = Debug|Any CPU
		{36E14906-4186-456C-BBC3-FCB2A7D60618}.Debug|Any CPU.Build.0 = Debug|Any CPU
		{36E14906-4186-456C-BBC3-FCB2A7D60618}.Debug|Any CPU.Deploy.0 = Debug|Any CPU
		{36E14906-4186-456C-BBC3-FCB2A7D60618}.Release|Any CPU.ActiveCfg = Release|Any CPU
		{36E14906-4186-456C-BBC3-FCB2A7D60618}.Release|Any CPU.Build.0 = Release|Any CPU
		{36E14906-4186-456C-BBC3-FCB2A7D60618}.Release|Any CPU.Deploy.0 = Release|Any CPU
		{01DE805B-33BF-49A4-AEF5-269AC36D63BE}.Debug|Any CPU.ActiveCfg = Debug|Any CPU
		{01DE805B-33BF-49A4-AEF5-269AC36D63BE}.Debug|Any CPU.Build.0 = Debug|Any CPU
		{01DE805B-33BF-49A4-AEF5-269AC36D63BE}.Release|Any CPU.ActiveCfg = Release|Any CPU
		{01DE805B-33BF-49A4-AEF5-269AC36D63BE}.Release|Any CPU.Build.0 = Release|Any CPU
	EndGlobalSection
	GlobalSection(SolutionProperties) = preSolution
		HideSolutionNode = FALSE
	EndGlobalSection
	GlobalSection(ExtensibilityGlobals) = postSolution
		SolutionGuid = {A51FE7E2-8051-41FC-9FA4-34B9E8057F57}
	EndGlobalSection
EndGlobal
